
Microsoft Visual Studio Solution File, Format Version 12.00
# Visual Studio Version 16
VisualStudioVersion = 16.0.30330.147
MinimumVisualStudioVersion = 10.0.40219.1
Project("{8BC9CEB8-8B4A-11D0-8D11-00A0C91BC942}") = "repository2 W.1", "repository2 W.1\repository2 W.1.vcxproj", "{C366DFA2-0CC4-45F4-B275-A9D7CFD16383}"
EndProject
Global
	GlobalSection(SolutionConfigurationPlatforms) = preSolution
		Debug|x64 = Debug|x64
		Debug|x86 = Debug|x86
		Release|x64 = Release|x64
		Release|x86 = Release|x86
	EndGlobalSection
	GlobalSection(ProjectConfigurationPlatforms) = postSolution
		{C366DFA2-0CC4-45F4-B275-A9D7CFD16383}.Debug|x64.ActiveCfg = Debug|x64
		{C366DFA2-0CC4-45F4-B275-A9D7CFD16383}.Debug|x64.Build.0 = Debug|x64
		{C366DFA2-0CC4-45F4-B275-A9D7CFD16383}.Debug|x86.ActiveCfg = Debug|Win32
		{C366DFA2-0CC4-45F4-B275-A9D7CFD16383}.Debug|x86.Build.0 = Debug|Win32
		{C366DFA2-0CC4-45F4-B275-A9D7CFD16383}.Release|x64.ActiveCfg = Release|x64
		{C366DFA2-0CC4-45F4-B275-A9D7CFD16383}.Release|x64.Build.0 = Release|x64
		{C366DFA2-0CC4-45F4-B275-A9D7CFD16383}.Release|x86.ActiveCfg = Release|Win32
		{C366DFA2-0CC4-45F4-B275-A9D7CFD16383}.Release|x86.Build.0 = Release|Win32
	EndGlobalSection
	GlobalSection(SolutionProperties) = preSolution
		HideSolutionNode = FALSE
	EndGlobalSection
	GlobalSection(ExtensibilityGlobals) = postSolution
		SolutionGuid = {2CCBDCE5-4BD4-4D47-9E9F-A2C268EF16DC}
	EndGlobalSection
EndGlobal
